
Microsoft Visual Studio Solution File, Format Version 12.00
# Visual Studio Version 16
VisualStudioVersion = 16.0.31702.278
MinimumVisualStudioVersion = 10.0.40219.1
Project("{FAE04EC0-301F-11D3-BF4B-00C04F79EFBC}") = "RegaxUc8Rule4", "RegaxUc8Rule4\RegaxUc8Rule4.csproj", "{7A30B645-5E83-49B3-9267-6FA11884D965}"
EndProject
Global
	GlobalSection(SolutionConfigurationPlatforms) = preSolution
		Debug|Any CPU = Debug|Any CPU
		Release|Any CPU = Release|Any CPU
	EndGlobalSection
	GlobalSection(ProjectConfigurationPlatforms) = postSolution
		{7A30B645-5E83-49B3-9267-6FA11884D965}.Debug|Any CPU.ActiveCfg = Debug|Any CPU
		{7A30B645-5E83-49B3-9267-6FA11884D965}.Debug|Any CPU.Build.0 = Debug|Any CPU
		{7A30B645-5E83-49B3-9267-6FA11884D965}.Release|Any CPU.ActiveCfg = Release|Any CPU
		{7A30B645-5E83-49B3-9267-6FA11884D965}.Release|Any CPU.Build.0 = Release|Any CPU
	EndGlobalSection
	GlobalSection(SolutionProperties) = preSolution
		HideSolutionNode = FALSE
	EndGlobalSection
	GlobalSection(ExtensibilityGlobals) = postSolution
		SolutionGuid = {F919C5A0-86D2-4A7B-980C-797C9058E9B3}
	EndGlobalSection
EndGlobal
