
Microsoft Visual Studio Solution File, Format Version 12.00
# Visual Studio Version 16
VisualStudioVersion = 16.0.31702.278
MinimumVisualStudioVersion = 10.0.40219.1
Project("{FAE04EC0-301F-11D3-BF4B-00C04F79EFBC}") = "RegexUc7Rule3", "RegexUc7Rule3\RegexUc7Rule3.csproj", "{07016D45-F261-4290-BEC9-C73CC26A4E2B}"
EndProject
Global
	GlobalSection(SolutionConfigurationPlatforms) = preSolution
		Debug|Any CPU = Debug|Any CPU
		Release|Any CPU = Release|Any CPU
	EndGlobalSection
	GlobalSection(ProjectConfigurationPlatforms) = postSolution
		{07016D45-F261-4290-BEC9-C73CC26A4E2B}.Debug|Any CPU.ActiveCfg = Debug|Any CPU
		{07016D45-F261-4290-BEC9-C73CC26A4E2B}.Debug|Any CPU.Build.0 = Debug|Any CPU
		{07016D45-F261-4290-BEC9-C73CC26A4E2B}.Release|Any CPU.ActiveCfg = Release|Any CPU
		{07016D45-F261-4290-BEC9-C73CC26A4E2B}.Release|Any CPU.Build.0 = Release|Any CPU
	EndGlobalSection
	GlobalSection(SolutionProperties) = preSolution
		HideSolutionNode = FALSE
	EndGlobalSection
	GlobalSection(ExtensibilityGlobals) = postSolution
		SolutionGuid = {299D8693-FFAE-40B5-8704-B64DEA1A55B2}
	EndGlobalSection
EndGlobal
