
Microsoft Visual Studio Solution File, Format Version 12.00
# Visual Studio Version 16
VisualStudioVersion = 16.0.31702.278
MinimumVisualStudioVersion = 10.0.40219.1
Project("{FAE04EC0-301F-11D3-BF4B-00C04F79EFBC}") = "RegexUc5Rule1", "RegexUc5Rule1\RegexUc5Rule1.csproj", "{540D384F-7EAD-496C-AC33-A61443D2C01D}"
EndProject
Global
	GlobalSection(SolutionConfigurationPlatforms) = preSolution
		Debug|Any CPU = Debug|Any CPU
		Release|Any CPU = Release|Any CPU
	EndGlobalSection
	GlobalSection(ProjectConfigurationPlatforms) = postSolution
		{540D384F-7EAD-496C-AC33-A61443D2C01D}.Debug|Any CPU.ActiveCfg = Debug|Any CPU
		{540D384F-7EAD-496C-AC33-A61443D2C01D}.Debug|Any CPU.Build.0 = Debug|Any CPU
		{540D384F-7EAD-496C-AC33-A61443D2C01D}.Release|Any CPU.ActiveCfg = Release|Any CPU
		{540D384F-7EAD-496C-AC33-A61443D2C01D}.Release|Any CPU.Build.0 = Release|Any CPU
	EndGlobalSection
	GlobalSection(SolutionProperties) = preSolution
		HideSolutionNode = FALSE
	EndGlobalSection
	GlobalSection(ExtensibilityGlobals) = postSolution
		SolutionGuid = {DCE87A87-494B-43AE-8979-26260FCDC6DF}
	EndGlobalSection
EndGlobal
