
Microsoft Visual Studio Solution File, Format Version 12.00
# Visual Studio Version 16
VisualStudioVersion = 16.0.31702.278
MinimumVisualStudioVersion = 10.0.40219.1
Project("{FAE04EC0-301F-11D3-BF4B-00C04F79EFBC}") = "RegexUc6Rule2", "RegexUc6Rule2\RegexUc6Rule2.csproj", "{D3D00F99-518C-4A92-8861-D2211B58A8C6}"
EndProject
Global
	GlobalSection(SolutionConfigurationPlatforms) = preSolution
		Debug|Any CPU = Debug|Any CPU
		Release|Any CPU = Release|Any CPU
	EndGlobalSection
	GlobalSection(ProjectConfigurationPlatforms) = postSolution
		{D3D00F99-518C-4A92-8861-D2211B58A8C6}.Debug|Any CPU.ActiveCfg = Debug|Any CPU
		{D3D00F99-518C-4A92-8861-D2211B58A8C6}.Debug|Any CPU.Build.0 = Debug|Any CPU
		{D3D00F99-518C-4A92-8861-D2211B58A8C6}.Release|Any CPU.ActiveCfg = Release|Any CPU
		{D3D00F99-518C-4A92-8861-D2211B58A8C6}.Release|Any CPU.Build.0 = Release|Any CPU
	EndGlobalSection
	GlobalSection(SolutionProperties) = preSolution
		HideSolutionNode = FALSE
	EndGlobalSection
	GlobalSection(ExtensibilityGlobals) = postSolution
		SolutionGuid = {19FCFF66-7288-4E70-BCA8-B9E43720A398}
	EndGlobalSection
EndGlobal
